
Microsoft Visual Studio Solution File, Format Version 12.00
# Visual Studio Version 17
VisualStudioVersion = 17.5.33627.172
MinimumVisualStudioVersion = 10.0.40219.1
Project("{FAE04EC0-301F-11D3-BF4B-00C04F79EFBC}") = "BorjaProject", "BorjaProject\BorjaProject.csproj", "{F9642EC3-C412-4808-8E7A-51F613C873EB}"
EndProject
Global
	GlobalSection(SolutionConfigurationPlatforms) = preSolution
		Debug|Any CPU = Debug|Any CPU
		Release|Any CPU = Release|Any CPU
	EndGlobalSection
	GlobalSection(ProjectConfigurationPlatforms) = postSolution
		{F9642EC3-C412-4808-8E7A-51F613C873EB}.Debug|Any CPU.ActiveCfg = Debug|Any CPU
		{F9642EC3-C412-4808-8E7A-51F613C873EB}.Debug|Any CPU.Build.0 = Debug|Any CPU
		{F9642EC3-C412-4808-8E7A-51F613C873EB}.Release|Any CPU.ActiveCfg = Release|Any CPU
		{F9642EC3-C412-4808-8E7A-51F613C873EB}.Release|Any CPU.Build.0 = Release|Any CPU
	EndGlobalSection
	GlobalSection(SolutionProperties) = preSolution
		HideSolutionNode = FALSE
	EndGlobalSection
	GlobalSection(ExtensibilityGlobals) = postSolution
		SolutionGuid = {FEE21BE2-7B20-4723-A934-4D18548008CB}
	EndGlobalSection
EndGlobal
